// !$*UTF8*$!
{
	archiveVersion = 1;
	classes = {
	};
	objectVersion = 55;
	objects = {

/* Begin PBXBuildFile section */
		32839E3D0345945AD29FE285 /* Pods_LoginTestingApp.framework in Frameworks */ = {isa = PBXBuildFile; fileRef = 2AA1B42169AD4971B0F6297F /* Pods_LoginTestingApp.framework */; };
		386A287627BB85D90095E8DF /* ExamModels.swift in Sources */ = {isa = PBXBuildFile; fileRef = 386A287527BB85D90095E8DF /* ExamModels.swift */; };
		386A287927BB88E00095E8DF /* ExamDetailViewController.swift in Sources */ = {isa = PBXBuildFile; fileRef = 386A287827BB88E00095E8DF /* ExamDetailViewController.swift */; };
		386A287B27BB8A720095E8DF /* ExamDetailInteractor.swift in Sources */ = {isa = PBXBuildFile; fileRef = 386A287A27BB8A720095E8DF /* ExamDetailInteractor.swift */; };
		386A287D27BB8C2C0095E8DF /* ExamDetailRouter.swift in Sources */ = {isa = PBXBuildFile; fileRef = 386A287C27BB8C2C0095E8DF /* ExamDetailRouter.swift */; };
		386A287F27BB90A50095E8DF /* ExamDetailPresenter.swift in Sources */ = {isa = PBXBuildFile; fileRef = 386A287E27BB90A50095E8DF /* ExamDetailPresenter.swift */; };
		386A288127BB93830095E8DF /* ExamDetailModels.swift in Sources */ = {isa = PBXBuildFile; fileRef = 386A288027BB93830095E8DF /* ExamDetailModels.swift */; };
		386A288427BB9CD90095E8DF /* Padding.swift in Sources */ = {isa = PBXBuildFile; fileRef = 386A288327BB9CD90095E8DF /* Padding.swift */; };
		38B5428127BA4AB100DAD599 /* ExamsTableViewCell.swift in Sources */ = {isa = PBXBuildFile; fileRef = 38B5428027BA4AB100DAD599 /* ExamsTableViewCell.swift */; };
		38B5428327BA4C4600DAD599 /* Exams.swift in Sources */ = {isa = PBXBuildFile; fileRef = 38B5428227BA4C4600DAD599 /* Exams.swift */; };
		38D6187427B8F93700E00CB5 /* LoginValidation.swift in Sources */ = {isa = PBXBuildFile; fileRef = 38D6187327B8F93700E00CB5 /* LoginValidation.swift */; };
		38D6187627B92D7400E00CB5 /* AuthRouter.swift in Sources */ = {isa = PBXBuildFile; fileRef = 38D6187527B92D7400E00CB5 /* AuthRouter.swift */; };
		38D6187927B94B4400E00CB5 /* ExamInteractor.swift in Sources */ = {isa = PBXBuildFile; fileRef = 38D6187827B94B4400E00CB5 /* ExamInteractor.swift */; };
		38D6187B27B94B5200E00CB5 /* ExamWorker.swift in Sources */ = {isa = PBXBuildFile; fileRef = 38D6187A27B94B5200E00CB5 /* ExamWorker.swift */; };
		38D6187D27B94B6400E00CB5 /* ExamPresenter.swift in Sources */ = {isa = PBXBuildFile; fileRef = 38D6187C27B94B6400E00CB5 /* ExamPresenter.swift */; };
		38D6188027B94B8E00E00CB5 /* ExamRouter.swift in Sources */ = {isa = PBXBuildFile; fileRef = 38D6187F27B94B8E00E00CB5 /* ExamRouter.swift */; };
		38DA422227B689B400FD9D33 /* AppDelegate.swift in Sources */ = {isa = PBXBuildFile; fileRef = 38DA422127B689B400FD9D33 /* AppDelegate.swift */; };
		38DA422427B689B400FD9D33 /* SceneDelegate.swift in Sources */ = {isa = PBXBuildFile; fileRef = 38DA422327B689B400FD9D33 /* SceneDelegate.swift */; };
		38DA422627B689B400FD9D33 /* LoginViewController.swift in Sources */ = {isa = PBXBuildFile; fileRef = 38DA422527B689B400FD9D33 /* LoginViewController.swift */; };
		38DA422927B689B400FD9D33 /* Main.storyboard in Resources */ = {isa = PBXBuildFile; fileRef = 38DA422727B689B400FD9D33 /* Main.storyboard */; };
		38DA422B27B689B600FD9D33 /* Assets.xcassets in Resources */ = {isa = PBXBuildFile; fileRef = 38DA422A27B689B600FD9D33 /* Assets.xcassets */; };
		38DA422E27B689B600FD9D33 /* LaunchScreen.storyboard in Resources */ = {isa = PBXBuildFile; fileRef = 38DA422C27B689B600FD9D33 /* LaunchScreen.storyboard */; };
		38DA423627B6982500FD9D33 /* Extensions+UIView.swift in Sources */ = {isa = PBXBuildFile; fileRef = 38DA423527B6982500FD9D33 /* Extensions+UIView.swift */; };
		38DA423827B6A08C00FD9D33 /* DevExamListViewController.swift in Sources */ = {isa = PBXBuildFile; fileRef = 38DA423727B6A08C00FD9D33 /* DevExamListViewController.swift */; };
		38F7C8EC27B7E47000D628DD /* NetworkWorkingLogic.swift in Sources */ = {isa = PBXBuildFile; fileRef = 38F7C8EB27B7E47000D628DD /* NetworkWorkingLogic.swift */; };
		38F7C8EE27B7E6D400D628DD /* AuthWorker.swift in Sources */ = {isa = PBXBuildFile; fileRef = 38F7C8ED27B7E6D400D628DD /* AuthWorker.swift */; };
		38F7C8F027B7E74400D628DD /* PhoneMask.swift in Sources */ = {isa = PBXBuildFile; fileRef = 38F7C8EF27B7E74400D628DD /* PhoneMask.swift */; };
		38F7C8F327B7EA8B00D628DD /* AuthInteractor.swift in Sources */ = {isa = PBXBuildFile; fileRef = 38F7C8F227B7EA8B00D628DD /* AuthInteractor.swift */; };
		38F7C8F527B7FE5300D628DD /* AuthPresenter.swift in Sources */ = {isa = PBXBuildFile; fileRef = 38F7C8F427B7FE5300D628DD /* AuthPresenter.swift */; };
		38F7C8FD27B807B900D628DD /* LoginTestingAppUITests.swift in Sources */ = {isa = PBXBuildFile; fileRef = 38F7C8FC27B807B900D628DD /* LoginTestingAppUITests.swift */; };
		38F7C8FF27B807B900D628DD /* LoginTestingAppUITestsLaunchTests.swift in Sources */ = {isa = PBXBuildFile; fileRef = 38F7C8FE27B807B900D628DD /* LoginTestingAppUITestsLaunchTests.swift */; };
		E55E60C500DDEEF1C4C6617A /* Pods_LoginTestingApp_LoginTestingAppUITests.framework in Frameworks */ = {isa = PBXBuildFile; fileRef = CB844B67E303AE22121636AC /* Pods_LoginTestingApp_LoginTestingAppUITests.framework */; };
/* End PBXBuildFile section */

/* Begin PBXContainerItemProxy section */
		38F7C90027B807B900D628DD /* PBXContainerItemProxy */ = {
			isa = PBXContainerItemProxy;
			containerPortal = 38DA421627B689B400FD9D33 /* Project object */;
			proxyType = 1;
			remoteGlobalIDString = 38DA421D27B689B400FD9D33;
			remoteInfo = LoginTestingApp;
		};
/* End PBXContainerItemProxy section */

/* Begin PBXFileReference section */
		2AA1B42169AD4971B0F6297F /* Pods_LoginTestingApp.framework */ = {isa = PBXFileReference; explicitFileType = wrapper.framework; includeInIndex = 0; path = Pods_LoginTestingApp.framework; sourceTree = BUILT_PRODUCTS_DIR; };
		386A287527BB85D90095E8DF /* ExamModels.swift */ = {isa = PBXFileReference; lastKnownFileType = sourcecode.swift; path = ExamModels.swift; sourceTree = "<group>"; };
		386A287827BB88E00095E8DF /* ExamDetailViewController.swift */ = {isa = PBXFileReference; lastKnownFileType = sourcecode.swift; path = ExamDetailViewController.swift; sourceTree = "<group>"; };
		386A287A27BB8A720095E8DF /* ExamDetailInteractor.swift */ = {isa = PBXFileReference; lastKnownFileType = sourcecode.swift; path = ExamDetailInteractor.swift; sourceTree = "<group>"; };
		386A287C27BB8C2C0095E8DF /* ExamDetailRouter.swift */ = {isa = PBXFileReference; lastKnownFileType = sourcecode.swift; path = ExamDetailRouter.swift; sourceTree = "<group>"; };
		386A287E27BB90A50095E8DF /* ExamDetailPresenter.swift */ = {isa = PBXFileReference; lastKnownFileType = sourcecode.swift; path = ExamDetailPresenter.swift; sourceTree = "<group>"; };
		386A288027BB93830095E8DF /* ExamDetailModels.swift */ = {isa = PBXFileReference; lastKnownFileType = sourcecode.swift; path = ExamDetailModels.swift; sourceTree = "<group>"; };
		386A288327BB9CD90095E8DF /* Padding.swift */ = {isa = PBXFileReference; lastKnownFileType = sourcecode.swift; path = Padding.swift; sourceTree = "<group>"; };
		38B5428027BA4AB100DAD599 /* ExamsTableViewCell.swift */ = {isa = PBXFileReference; lastKnownFileType = sourcecode.swift; path = ExamsTableViewCell.swift; sourceTree = "<group>"; };
		38B5428227BA4C4600DAD599 /* Exams.swift */ = {isa = PBXFileReference; lastKnownFileType = sourcecode.swift; path = Exams.swift; sourceTree = "<group>"; };
		38D6187327B8F93700E00CB5 /* LoginValidation.swift */ = {isa = PBXFileReference; lastKnownFileType = sourcecode.swift; path = LoginValidation.swift; sourceTree = "<group>"; };
		38D6187527B92D7400E00CB5 /* AuthRouter.swift */ = {isa = PBXFileReference; lastKnownFileType = sourcecode.swift; path = AuthRouter.swift; sourceTree = "<group>"; };
		38D6187827B94B4400E00CB5 /* ExamInteractor.swift */ = {isa = PBXFileReference; lastKnownFileType = sourcecode.swift; path = ExamInteractor.swift; sourceTree = "<group>"; };
		38D6187A27B94B5200E00CB5 /* ExamWorker.swift */ = {isa = PBXFileReference; lastKnownFileType = sourcecode.swift; path = ExamWorker.swift; sourceTree = "<group>"; };
		38D6187C27B94B6400E00CB5 /* ExamPresenter.swift */ = {isa = PBXFileReference; lastKnownFileType = sourcecode.swift; path = ExamPresenter.swift; sourceTree = "<group>"; };
		38D6187F27B94B8E00E00CB5 /* ExamRouter.swift */ = {isa = PBXFileReference; lastKnownFileType = sourcecode.swift; path = ExamRouter.swift; sourceTree = "<group>"; };
		38DA421E27B689B400FD9D33 /* LoginTestingApp.app */ = {isa = PBXFileReference; explicitFileType = wrapper.application; includeInIndex = 0; path = LoginTestingApp.app; sourceTree = BUILT_PRODUCTS_DIR; };
		38DA422127B689B400FD9D33 /* AppDelegate.swift */ = {isa = PBXFileReference; lastKnownFileType = sourcecode.swift; path = AppDelegate.swift; sourceTree = "<group>"; };
		38DA422327B689B400FD9D33 /* SceneDelegate.swift */ = {isa = PBXFileReference; lastKnownFileType = sourcecode.swift; path = SceneDelegate.swift; sourceTree = "<group>"; };
		38DA422527B689B400FD9D33 /* LoginViewController.swift */ = {isa = PBXFileReference; lastKnownFileType = sourcecode.swift; path = LoginViewController.swift; sourceTree = "<group>"; };
		38DA422827B689B400FD9D33 /* Base */ = {isa = PBXFileReference; lastKnownFileType = file.storyboard; name = Base; path = Base.lproj/Main.storyboard; sourceTree = "<group>"; };
		38DA422A27B689B600FD9D33 /* Assets.xcassets */ = {isa = PBXFileReference; lastKnownFileType = folder.assetcatalog; path = Assets.xcassets; sourceTree = "<group>"; };
		38DA422D27B689B600FD9D33 /* Base */ = {isa = PBXFileReference; lastKnownFileType = file.storyboard; name = Base; path = Base.lproj/LaunchScreen.storyboard; sourceTree = "<group>"; };
		38DA422F27B689B600FD9D33 /* Info.plist */ = {isa = PBXFileReference; lastKnownFileType = text.plist.xml; path = Info.plist; sourceTree = "<group>"; };
		38DA423527B6982500FD9D33 /* Extensions+UIView.swift */ = {isa = PBXFileReference; fileEncoding = 4; lastKnownFileType = sourcecode.swift; path = "Extensions+UIView.swift"; sourceTree = "<group>"; };
		38DA423727B6A08C00FD9D33 /* DevExamListViewController.swift */ = {isa = PBXFileReference; lastKnownFileType = sourcecode.swift; path = DevExamListViewController.swift; sourceTree = "<group>"; };
		38F7C8EB27B7E47000D628DD /* NetworkWorkingLogic.swift */ = {isa = PBXFileReference; lastKnownFileType = sourcecode.swift; path = NetworkWorkingLogic.swift; sourceTree = "<group>"; };
		38F7C8ED27B7E6D400D628DD /* AuthWorker.swift */ = {isa = PBXFileReference; lastKnownFileType = sourcecode.swift; path = AuthWorker.swift; sourceTree = "<group>"; };
		38F7C8EF27B7E74400D628DD /* PhoneMask.swift */ = {isa = PBXFileReference; lastKnownFileType = sourcecode.swift; path = PhoneMask.swift; sourceTree = "<group>"; };
		38F7C8F227B7EA8B00D628DD /* AuthInteractor.swift */ = {isa = PBXFileReference; lastKnownFileType = sourcecode.swift; path = AuthInteractor.swift; sourceTree = "<group>"; };
		38F7C8F427B7FE5300D628DD /* AuthPresenter.swift */ = {isa = PBXFileReference; lastKnownFileType = sourcecode.swift; path = AuthPresenter.swift; sourceTree = "<group>"; };
		38F7C8FA27B807B900D628DD /* LoginTestingAppUITests.xctest */ = {isa = PBXFileReference; explicitFileType = wrapper.cfbundle; includeInIndex = 0; path = LoginTestingAppUITests.xctest; sourceTree = BUILT_PRODUCTS_DIR; };
		38F7C8FC27B807B900D628DD /* LoginTestingAppUITests.swift */ = {isa = PBXFileReference; lastKnownFileType = sourcecode.swift; path = LoginTestingAppUITests.swift; sourceTree = "<group>"; };
		38F7C8FE27B807B900D628DD /* LoginTestingAppUITestsLaunchTests.swift */ = {isa = PBXFileReference; lastKnownFileType = sourcecode.swift; path = LoginTestingAppUITestsLaunchTests.swift; sourceTree = "<group>"; };
		3B065C5216B8C84750CEE5C7 /* Pods-LoginTestingApp-LoginTestingAppUITests.debug.xcconfig */ = {isa = PBXFileReference; includeInIndex = 1; lastKnownFileType = text.xcconfig; name = "Pods-LoginTestingApp-LoginTestingAppUITests.debug.xcconfig"; path = "Target Support Files/Pods-LoginTestingApp-LoginTestingAppUITests/Pods-LoginTestingApp-LoginTestingAppUITests.debug.xcconfig"; sourceTree = "<group>"; };
		3E0D23BA47E797B93680E81A /* Pods-LoginTestingApp-LoginTestingAppUITests.release.xcconfig */ = {isa = PBXFileReference; includeInIndex = 1; lastKnownFileType = text.xcconfig; name = "Pods-LoginTestingApp-LoginTestingAppUITests.release.xcconfig"; path = "Target Support Files/Pods-LoginTestingApp-LoginTestingAppUITests/Pods-LoginTestingApp-LoginTestingAppUITests.release.xcconfig"; sourceTree = "<group>"; };
		43D91C12D29197A3CE85317C /* Pods-LoginTestingApp.release.xcconfig */ = {isa = PBXFileReference; includeInIndex = 1; lastKnownFileType = text.xcconfig; name = "Pods-LoginTestingApp.release.xcconfig"; path = "Target Support Files/Pods-LoginTestingApp/Pods-LoginTestingApp.release.xcconfig"; sourceTree = "<group>"; };
		C5CE75F2B8E3D6AE935482EA /* Pods-LoginTestingApp.debug.xcconfig */ = {isa = PBXFileReference; includeInIndex = 1; lastKnownFileType = text.xcconfig; name = "Pods-LoginTestingApp.debug.xcconfig"; path = "Target Support Files/Pods-LoginTestingApp/Pods-LoginTestingApp.debug.xcconfig"; sourceTree = "<group>"; };
		CB844B67E303AE22121636AC /* Pods_LoginTestingApp_LoginTestingAppUITests.framework */ = {isa = PBXFileReference; explicitFileType = wrapper.framework; includeInIndex = 0; path = Pods_LoginTestingApp_LoginTestingAppUITests.framework; sourceTree = BUILT_PRODUCTS_DIR; };
/* End PBXFileReference section */

/* Begin PBXFrameworksBuildPhase section */
		38DA421B27B689B400FD9D33 /* Frameworks */ = {
			isa = PBXFrameworksBuildPhase;
			buildActionMask = 2147483647;
			files = (
				32839E3D0345945AD29FE285 /* Pods_LoginTestingApp.framework in Frameworks */,
			);
			runOnlyForDeploymentPostprocessing = 0;
		};
		38F7C8F727B807B900D628DD /* Frameworks */ = {
			isa = PBXFrameworksBuildPhase;
			buildActionMask = 2147483647;
			files = (
				E55E60C500DDEEF1C4C6617A /* Pods_LoginTestingApp_LoginTestingAppUITests.framework in Frameworks */,
			);
			runOnlyForDeploymentPostprocessing = 0;
		};
/* End PBXFrameworksBuildPhase section */

/* Begin PBXGroup section */
		386A287727BB88C00095E8DF /* ExamDetail */ = {
			isa = PBXGroup;
			children = (
				386A287827BB88E00095E8DF /* ExamDetailViewController.swift */,
				386A287A27BB8A720095E8DF /* ExamDetailInteractor.swift */,
				386A287C27BB8C2C0095E8DF /* ExamDetailRouter.swift */,
				386A287E27BB90A50095E8DF /* ExamDetailPresenter.swift */,
				386A288027BB93830095E8DF /* ExamDetailModels.swift */,
			);
			path = ExamDetail;
			sourceTree = "<group>";
		};
		386A288227BB9CCD0095E8DF /* Helpers */ = {
			isa = PBXGroup;
			children = (
				386A288327BB9CD90095E8DF /* Padding.swift */,
			);
			path = Helpers;
			sourceTree = "<group>";
		};
		38D6187727B94B2B00E00CB5 /* Exams */ = {
			isa = PBXGroup;
			children = (
				38DA423727B6A08C00FD9D33 /* DevExamListViewController.swift */,
				38D6187827B94B4400E00CB5 /* ExamInteractor.swift */,
				38D6187A27B94B5200E00CB5 /* ExamWorker.swift */,
				38D6187C27B94B6400E00CB5 /* ExamPresenter.swift */,
				38D6187F27B94B8E00E00CB5 /* ExamRouter.swift */,
				38B5428027BA4AB100DAD599 /* ExamsTableViewCell.swift */,
				386A287527BB85D90095E8DF /* ExamModels.swift */,
			);
			path = Exams;
			sourceTree = "<group>";
		};
		38D6187E27B94B7500E00CB5 /* Models */ = {
			isa = PBXGroup;
			children = (
				38D6187327B8F93700E00CB5 /* LoginValidation.swift */,
				38F7C8EF27B7E74400D628DD /* PhoneMask.swift */,
				38B5428227BA4C4600DAD599 /* Exams.swift */,
			);
			path = Models;
			sourceTree = "<group>";
		};
		38DA421527B689B400FD9D33 = {
			isa = PBXGroup;
			children = (
				38DA422027B689B400FD9D33 /* LoginTestingApp */,
				38F7C8FB27B807B900D628DD /* LoginTestingAppUITests */,
				38DA421F27B689B400FD9D33 /* Products */,
				3FCA382133484582434E9817 /* Pods */,
				7D781994F9A86641CF62B766 /* Frameworks */,
			);
			sourceTree = "<group>";
		};
		38DA421F27B689B400FD9D33 /* Products */ = {
			isa = PBXGroup;
			children = (
				38DA421E27B689B400FD9D33 /* LoginTestingApp.app */,
				38F7C8FA27B807B900D628DD /* LoginTestingAppUITests.xctest */,
			);
			name = Products;
			sourceTree = "<group>";
		};
		38DA422027B689B400FD9D33 /* LoginTestingApp */ = {
			isa = PBXGroup;
			children = (
				386A288227BB9CCD0095E8DF /* Helpers */,
				386A287727BB88C00095E8DF /* ExamDetail */,
				38D6187E27B94B7500E00CB5 /* Models */,
				38D6187727B94B2B00E00CB5 /* Exams */,
				38F7C8EB27B7E47000D628DD /* NetworkWorkingLogic.swift */,
				38F7C8F127B7EA6F00D628DD /* Auth */,
				38DA422127B689B400FD9D33 /* AppDelegate.swift */,
				38DA422327B689B400FD9D33 /* SceneDelegate.swift */,
				38DA422727B689B400FD9D33 /* Main.storyboard */,
				38DA422A27B689B600FD9D33 /* Assets.xcassets */,
				38DA422C27B689B600FD9D33 /* LaunchScreen.storyboard */,
				38DA422F27B689B600FD9D33 /* Info.plist */,
				38DA423527B6982500FD9D33 /* Extensions+UIView.swift */,
			);
			path = LoginTestingApp;
			sourceTree = "<group>";
		};
		38F7C8F127B7EA6F00D628DD /* Auth */ = {
			isa = PBXGroup;
			children = (
				38F7C8ED27B7E6D400D628DD /* AuthWorker.swift */,
				38F7C8F227B7EA8B00D628DD /* AuthInteractor.swift */,
				38F7C8F427B7FE5300D628DD /* AuthPresenter.swift */,
				38DA422527B689B400FD9D33 /* LoginViewController.swift */,
				38D6187527B92D7400E00CB5 /* AuthRouter.swift */,
			);
			path = Auth;
			sourceTree = "<group>";
		};
		38F7C8FB27B807B900D628DD /* LoginTestingAppUITests */ = {
			isa = PBXGroup;
			children = (
				38F7C8FC27B807B900D628DD /* LoginTestingAppUITests.swift */,
				38F7C8FE27B807B900D628DD /* LoginTestingAppUITestsLaunchTests.swift */,
			);
			path = LoginTestingAppUITests;
			sourceTree = "<group>";
		};
		3FCA382133484582434E9817 /* Pods */ = {
			isa = PBXGroup;
			children = (
				C5CE75F2B8E3D6AE935482EA /* Pods-LoginTestingApp.debug.xcconfig */,
				43D91C12D29197A3CE85317C /* Pods-LoginTestingApp.release.xcconfig */,
				3B065C5216B8C84750CEE5C7 /* Pods-LoginTestingApp-LoginTestingAppUITests.debug.xcconfig */,
				3E0D23BA47E797B93680E81A /* Pods-LoginTestingApp-LoginTestingAppUITests.release.xcconfig */,
			);
			path = Pods;
			sourceTree = "<group>";
		};
		7D781994F9A86641CF62B766 /* Frameworks */ = {
			isa = PBXGroup;
			children = (
				2AA1B42169AD4971B0F6297F /* Pods_LoginTestingApp.framework */,
				CB844B67E303AE22121636AC /* Pods_LoginTestingApp_LoginTestingAppUITests.framework */,
			);
			name = Frameworks;
			sourceTree = "<group>";
		};
/* End PBXGroup section */

/* Begin PBXNativeTarget section */
		38DA421D27B689B400FD9D33 /* LoginTestingApp */ = {
			isa = PBXNativeTarget;
			buildConfigurationList = 38DA423227B689B600FD9D33 /* Build configuration list for PBXNativeTarget "LoginTestingApp" */;
			buildPhases = (
				20F9DF188280DEF97447733E /* [CP] Check Pods Manifest.lock */,
				38DA421A27B689B400FD9D33 /* Sources */,
				38DA421B27B689B400FD9D33 /* Frameworks */,
				38DA421C27B689B400FD9D33 /* Resources */,
				F18DE6B67EDA0044EA427D86 /* [CP] Embed Pods Frameworks */,
			);
			buildRules = (
			);
			dependencies = (
			);
			name = LoginTestingApp;
			productName = LoginTestingApp;
			productReference = 38DA421E27B689B400FD9D33 /* LoginTestingApp.app */;
			productType = "com.apple.product-type.application";
		};
		38F7C8F927B807B900D628DD /* LoginTestingAppUITests */ = {
			isa = PBXNativeTarget;
			buildConfigurationList = 38F7C90227B807B900D628DD /* Build configuration list for PBXNativeTarget "LoginTestingAppUITests" */;
			buildPhases = (
				8C15F749197B51EFB569EE42 /* [CP] Check Pods Manifest.lock */,
				38F7C8F627B807B900D628DD /* Sources */,
				38F7C8F727B807B900D628DD /* Frameworks */,
				38F7C8F827B807B900D628DD /* Resources */,
				9F8C9CAF9CB1BF8F2D29BD7E /* [CP] Embed Pods Frameworks */,
			);
			buildRules = (
			);
			dependencies = (
				38F7C90127B807B900D628DD /* PBXTargetDependency */,
			);
			name = LoginTestingAppUITests;
			productName = LoginTestingAppUITests;
			productReference = 38F7C8FA27B807B900D628DD /* LoginTestingAppUITests.xctest */;
			productType = "com.apple.product-type.bundle.ui-testing";
		};
/* End PBXNativeTarget section */

/* Begin PBXProject section */
		38DA421627B689B400FD9D33 /* Project object */ = {
			isa = PBXProject;
			attributes = {
				BuildIndependentTargetsInParallel = 1;
				LastSwiftUpdateCheck = 1310;
				LastUpgradeCheck = 1310;
				TargetAttributes = {
					38DA421D27B689B400FD9D33 = {
						CreatedOnToolsVersion = 13.1;
					};
					38F7C8F927B807B900D628DD = {
						CreatedOnToolsVersion = 13.1;
						TestTargetID = 38DA421D27B689B400FD9D33;
					};
				};
			};
			buildConfigurationList = 38DA421927B689B400FD9D33 /* Build configuration list for PBXProject "LoginTestingApp" */;
			compatibilityVersion = "Xcode 13.0";
			developmentRegion = en;
			hasScannedForEncodings = 0;
			knownRegions = (
				en,
				Base,
			);
			mainGroup = 38DA421527B689B400FD9D33;
			productRefGroup = 38DA421F27B689B400FD9D33 /* Products */;
			projectDirPath = "";
			projectRoot = "";
			targets = (
				38DA421D27B689B400FD9D33 /* LoginTestingApp */,
				38F7C8F927B807B900D628DD /* LoginTestingAppUITests */,
			);
		};
/* End PBXProject section */

/* Begin PBXResourcesBuildPhase section */
		38DA421C27B689B400FD9D33 /* Resources */ = {
			isa = PBXResourcesBuildPhase;
			buildActionMask = 2147483647;
			files = (
				38DA422E27B689B600FD9D33 /* LaunchScreen.storyboard in Resources */,
				38DA422B27B689B600FD9D33 /* Assets.xcassets in Resources */,
				38DA422927B689B400FD9D33 /* Main.storyboard in Resources */,
			);
			runOnlyForDeploymentPostprocessing = 0;
		};
		38F7C8F827B807B900D628DD /* Resources */ = {
			isa = PBXResourcesBuildPhase;
			buildActionMask = 2147483647;
			files = (
			);
			runOnlyForDeploymentPostprocessing = 0;
		};
/* End PBXResourcesBuildPhase section */

/* Begin PBXShellScriptBuildPhase section */
		20F9DF188280DEF97447733E /* [CP] Check Pods Manifest.lock */ = {
			isa = PBXShellScriptBuildPhase;
			buildActionMask = 2147483647;
			files = (
			);
			inputFileListPaths = (
			);
			inputPaths = (
				"${PODS_PODFILE_DIR_PATH}/Podfile.lock",
				"${PODS_ROOT}/Manifest.lock",
			);
			name = "[CP] Check Pods Manifest.lock";
			outputFileListPaths = (
			);
			outputPaths = (
				"$(DERIVED_FILE_DIR)/Pods-LoginTestingApp-checkManifestLockResult.txt",
			);
			runOnlyForDeploymentPostprocessing = 0;
			shellPath = /bin/sh;
			shellScript = "diff \"${PODS_PODFILE_DIR_PATH}/Podfile.lock\" \"${PODS_ROOT}/Manifest.lock\" > /dev/null\nif [ $? != 0 ] ; then\n    # print error to STDERR\n    echo \"error: The sandbox is not in sync with the Podfile.lock. Run 'pod install' or update your CocoaPods installation.\" >&2\n    exit 1\nfi\n# This output is used by Xcode 'outputs' to avoid re-running this script phase.\necho \"SUCCESS\" > \"${SCRIPT_OUTPUT_FILE_0}\"\n";
			showEnvVarsInLog = 0;
		};
		8C15F749197B51EFB569EE42 /* [CP] Check Pods Manifest.lock */ = {
			isa = PBXShellScriptBuildPhase;
			buildActionMask = 2147483647;
			files = (
			);
			inputFileListPaths = (
			);
			inputPaths = (
				"${PODS_PODFILE_DIR_PATH}/Podfile.lock",
				"${PODS_ROOT}/Manifest.lock",
			);
			name = "[CP] Check Pods Manifest.lock";
			outputFileListPaths = (
			);
			outputPaths = (
				"$(DERIVED_FILE_DIR)/Pods-LoginTestingApp-LoginTestingAppUITests-checkManifestLockResult.txt",
			);
			runOnlyForDeploymentPostprocessing = 0;
			shellPath = /bin/sh;
			shellScript = "diff \"${PODS_PODFILE_DIR_PATH}/Podfile.lock\" \"${PODS_ROOT}/Manifest.lock\" > /dev/null\nif [ $? != 0 ] ; then\n    # print error to STDERR\n    echo \"error: The sandbox is not in sync with the Podfile.lock. Run 'pod install' or update your CocoaPods installation.\" >&2\n    exit 1\nfi\n# This output is used by Xcode 'outputs' to avoid re-running this script phase.\necho \"SUCCESS\" > \"${SCRIPT_OUTPUT_FILE_0}\"\n";
			showEnvVarsInLog = 0;
		};
		9F8C9CAF9CB1BF8F2D29BD7E /* [CP] Embed Pods Frameworks */ = {
			isa = PBXShellScriptBuildPhase;
			buildActionMask = 2147483647;
			files = (
			);
			inputFileListPaths = (
				"${PODS_ROOT}/Target Support Files/Pods-LoginTestingApp-LoginTestingAppUITests/Pods-LoginTestingApp-LoginTestingAppUITests-frameworks-${CONFIGURATION}-input-files.xcfilelist",
			);
			name = "[CP] Embed Pods Frameworks";
			outputFileListPaths = (
				"${PODS_ROOT}/Target Support Files/Pods-LoginTestingApp-LoginTestingAppUITests/Pods-LoginTestingApp-LoginTestingAppUITests-frameworks-${CONFIGURATION}-output-files.xcfilelist",
			);
			runOnlyForDeploymentPostprocessing = 0;
			shellPath = /bin/sh;
			shellScript = "\"${PODS_ROOT}/Target Support Files/Pods-LoginTestingApp-LoginTestingAppUITests/Pods-LoginTestingApp-LoginTestingAppUITests-frameworks.sh\"\n";
			showEnvVarsInLog = 0;
		};
		F18DE6B67EDA0044EA427D86 /* [CP] Embed Pods Frameworks */ = {
			isa = PBXShellScriptBuildPhase;
			buildActionMask = 2147483647;
			files = (
			);
			inputFileListPaths = (
				"${PODS_ROOT}/Target Support Files/Pods-LoginTestingApp/Pods-LoginTestingApp-frameworks-${CONFIGURATION}-input-files.xcfilelist",
			);
			name = "[CP] Embed Pods Frameworks";
			outputFileListPaths = (
				"${PODS_ROOT}/Target Support Files/Pods-LoginTestingApp/Pods-LoginTestingApp-frameworks-${CONFIGURATION}-output-files.xcfilelist",
			);
			runOnlyForDeploymentPostprocessing = 0;
			shellPath = /bin/sh;
			shellScript = "\"${PODS_ROOT}/Target Support Files/Pods-LoginTestingApp/Pods-LoginTestingApp-frameworks.sh\"\n";
			showEnvVarsInLog = 0;
		};
/* End PBXShellScriptBuildPhase section */

/* Begin PBXSourcesBuildPhase section */
		38DA421A27B689B400FD9D33 /* Sources */ = {
			isa = PBXSourcesBuildPhase;
			buildActionMask = 2147483647;
			files = (
				38F7C8F527B7FE5300D628DD /* AuthPresenter.swift in Sources */,
				386A288427BB9CD90095E8DF /* Padding.swift in Sources */,
				38D6187D27B94B6400E00CB5 /* ExamPresenter.swift in Sources */,
				386A287627BB85D90095E8DF /* ExamModels.swift in Sources */,
				38F7C8F027B7E74400D628DD /* PhoneMask.swift in Sources */,
				38DA422627B689B400FD9D33 /* LoginViewController.swift in Sources */,
				386A287F27BB90A50095E8DF /* ExamDetailPresenter.swift in Sources */,
				386A287B27BB8A720095E8DF /* ExamDetailInteractor.swift in Sources */,
				38DA422227B689B400FD9D33 /* AppDelegate.swift in Sources */,
				38D6187B27B94B5200E00CB5 /* ExamWorker.swift in Sources */,
				38DA423627B6982500FD9D33 /* Extensions+UIView.swift in Sources */,
				38B5428327BA4C4600DAD599 /* Exams.swift in Sources */,
				386A288127BB93830095E8DF /* ExamDetailModels.swift in Sources */,
				38D6188027B94B8E00E00CB5 /* ExamRouter.swift in Sources */,
				38F7C8EC27B7E47000D628DD /* NetworkWorkingLogic.swift in Sources */,
				386A287D27BB8C2C0095E8DF /* ExamDetailRouter.swift in Sources */,
				38F7C8F327B7EA8B00D628DD /* AuthInteractor.swift in Sources */,
				38B5428127BA4AB100DAD599 /* ExamsTableViewCell.swift in Sources */,
				38F7C8EE27B7E6D400D628DD /* AuthWorker.swift in Sources */,
				386A287927BB88E00095E8DF /* ExamDetailViewController.swift in Sources */,
				38D6187927B94B4400E00CB5 /* ExamInteractor.swift in Sources */,
				38D6187427B8F93700E00CB5 /* LoginValidation.swift in Sources */,
				38DA423827B6A08C00FD9D33 /* DevExamListViewController.swift in Sources */,
				38D6187627B92D7400E00CB5 /* AuthRouter.swift in Sources */,
				38DA422427B689B400FD9D33 /* SceneDelegate.swift in Sources */,
			);
			runOnlyForDeploymentPostprocessing = 0;
		};
		38F7C8F627B807B900D628DD /* Sources */ = {
			isa = PBXSourcesBuildPhase;
			buildActionMask = 2147483647;
			files = (
				38F7C8FD27B807B900D628DD /* LoginTestingAppUITests.swift in Sources */,
				38F7C8FF27B807B900D628DD /* LoginTestingAppUITestsLaunchTests.swift in Sources */,
			);
			runOnlyForDeploymentPostprocessing = 0;
		};
/* End PBXSourcesBuildPhase section */

/* Begin PBXTargetDependency section */
		38F7C90127B807B900D628DD /* PBXTargetDependency */ = {
			isa = PBXTargetDependency;
			target = 38DA421D27B689B400FD9D33 /* LoginTestingApp */;
			targetProxy = 38F7C90027B807B900D628DD /* PBXContainerItemProxy */;
		};
/* End PBXTargetDependency section */

/* Begin PBXVariantGroup section */
		38DA422727B689B400FD9D33 /* Main.storyboard */ = {
			isa = PBXVariantGroup;
			children = (
				38DA422827B689B400FD9D33 /* Base */,
			);
			name = Main.storyboard;
			sourceTree = "<group>";
		};
		38DA422C27B689B600FD9D33 /* LaunchScreen.storyboard */ = {
			isa = PBXVariantGroup;
			children = (
				38DA422D27B689B600FD9D33 /* Base */,
			);
			name = LaunchScreen.storyboard;
			sourceTree = "<group>";
		};
/* End PBXVariantGroup section */

/* Begin XCBuildConfiguration section */
		38DA423027B689B600FD9D33 /* Debug */ = {
			isa = XCBuildConfiguration;
			buildSettings = {
				ALWAYS_SEARCH_USER_PATHS = NO;
				CLANG_ANALYZER_NONNULL = YES;
				CLANG_ANALYZER_NUMBER_OBJECT_CONVERSION = YES_AGGRESSIVE;
				CLANG_CXX_LANGUAGE_STANDARD = "gnu++17";
				CLANG_CXX_LIBRARY = "libc++";
				CLANG_ENABLE_MODULES = YES;
				CLANG_ENABLE_OBJC_ARC = YES;
				CLANG_ENABLE_OBJC_WEAK = YES;
				CLANG_WARN_BLOCK_CAPTURE_AUTORELEASING = YES;
				CLANG_WARN_BOOL_CONVERSION = YES;
				CLANG_WARN_COMMA = YES;
				CLANG_WARN_CONSTANT_CONVERSION = YES;
				CLANG_WARN_DEPRECATED_OBJC_IMPLEMENTATIONS = YES;
				CLANG_WARN_DIRECT_OBJC_ISA_USAGE = YES_ERROR;
				CLANG_WARN_DOCUMENTATION_COMMENTS = YES;
				CLANG_WARN_EMPTY_BODY = YES;
				CLANG_WARN_ENUM_CONVERSION = YES;
				CLANG_WARN_INFINITE_RECURSION = YES;
				CLANG_WARN_INT_CONVERSION = YES;
				CLANG_WARN_NON_LITERAL_NULL_CONVERSION = YES;
				CLANG_WARN_OBJC_IMPLICIT_RETAIN_SELF = YES;
				CLANG_WARN_OBJC_LITERAL_CONVERSION = YES;
				CLANG_WARN_OBJC_ROOT_CLASS = YES_ERROR;
				CLANG_WARN_QUOTED_INCLUDE_IN_FRAMEWORK_HEADER = YES;
				CLANG_WARN_RANGE_LOOP_ANALYSIS = YES;
				CLANG_WARN_STRICT_PROTOTYPES = YES;
				CLANG_WARN_SUSPICIOUS_MOVE = YES;
				CLANG_WARN_UNGUARDED_AVAILABILITY = YES_AGGRESSIVE;
				CLANG_WARN_UNREACHABLE_CODE = YES;
				CLANG_WARN__DUPLICATE_METHOD_MATCH = YES;
				COPY_PHASE_STRIP = NO;
				DEBUG_INFORMATION_FORMAT = dwarf;
				ENABLE_STRICT_OBJC_MSGSEND = YES;
				ENABLE_TESTABILITY = YES;
				GCC_C_LANGUAGE_STANDARD = gnu11;
				GCC_DYNAMIC_NO_PIC = NO;
				GCC_NO_COMMON_BLOCKS = YES;
				GCC_OPTIMIZATION_LEVEL = 0;
				GCC_PREPROCESSOR_DEFINITIONS = (
					"DEBUG=1",
					"$(inherited)",
				);
				GCC_WARN_64_TO_32_BIT_CONVERSION = YES;
				GCC_WARN_ABOUT_RETURN_TYPE = YES_ERROR;
				GCC_WARN_UNDECLARED_SELECTOR = YES;
				GCC_WARN_UNINITIALIZED_AUTOS = YES_AGGRESSIVE;
				GCC_WARN_UNUSED_FUNCTION = YES;
				GCC_WARN_UNUSED_VARIABLE = YES;
				IPHONEOS_DEPLOYMENT_TARGET = 11.3;
				MTL_ENABLE_DEBUG_INFO = INCLUDE_SOURCE;
				MTL_FAST_MATH = YES;
				ONLY_ACTIVE_ARCH = YES;
				SDKROOT = iphoneos;
				SWIFT_ACTIVE_COMPILATION_CONDITIONS = DEBUG;
				SWIFT_OPTIMIZATION_LEVEL = "-Onone";
			};
			name = Debug;
		};
		38DA423127B689B600FD9D33 /* Release */ = {
			isa = XCBuildConfiguration;
			buildSettings = {
				ALWAYS_SEARCH_USER_PATHS = NO;
				CLANG_ANALYZER_NONNULL = YES;
				CLANG_ANALYZER_NUMBER_OBJECT_CONVERSION = YES_AGGRESSIVE;
				CLANG_CXX_LANGUAGE_STANDARD = "gnu++17";
				CLANG_CXX_LIBRARY = "libc++";
				CLANG_ENABLE_MODULES = YES;
				CLANG_ENABLE_OBJC_ARC = YES;
				CLANG_ENABLE_OBJC_WEAK = YES;
				CLANG_WARN_BLOCK_CAPTURE_AUTORELEASING = YES;
				CLANG_WARN_BOOL_CONVERSION = YES;
				CLANG_WARN_COMMA = YES;
				CLANG_WARN_CONSTANT_CONVERSION = YES;
				CLANG_WARN_DEPRECATED_OBJC_IMPLEMENTATIONS = YES;
				CLANG_WARN_DIRECT_OBJC_ISA_USAGE = YES_ERROR;
				CLANG_WARN_DOCUMENTATION_COMMENTS = YES;
				CLANG_WARN_EMPTY_BODY = YES;
				CLANG_WARN_ENUM_CONVERSION = YES;
				CLANG_WARN_INFINITE_RECURSION = YES;
				CLANG_WARN_INT_CONVERSION = YES;
				CLANG_WARN_NON_LITERAL_NULL_CONVERSION = YES;
				CLANG_WARN_OBJC_IMPLICIT_RETAIN_SELF = YES;
				CLANG_WARN_OBJC_LITERAL_CONVERSION = YES;
				CLANG_WARN_OBJC_ROOT_CLASS = YES_ERROR;
				CLANG_WARN_QUOTED_INCLUDE_IN_FRAMEWORK_HEADER = YES;
				CLANG_WARN_RANGE_LOOP_ANALYSIS = YES;
				CLANG_WARN_STRICT_PROTOTYPES = YES;
				CLANG_WARN_SUSPICIOUS_MOVE = YES;
				CLANG_WARN_UNGUARDED_AVAILABILITY = YES_AGGRESSIVE;
				CLANG_WARN_UNREACHABLE_CODE = YES;
				CLANG_WARN__DUPLICATE_METHOD_MATCH = YES;
				COPY_PHASE_STRIP = NO;
				DEBUG_INFORMATION_FORMAT = "dwarf-with-dsym";
				ENABLE_NS_ASSERTIONS = NO;
				ENABLE_STRICT_OBJC_MSGSEND = YES;
				GCC_C_LANGUAGE_STANDARD = gnu11;
				GCC_NO_COMMON_BLOCKS = YES;
				GCC_WARN_64_TO_32_BIT_CONVERSION = YES;
				GCC_WARN_ABOUT_RETURN_TYPE = YES_ERROR;
				GCC_WARN_UNDECLARED_SELECTOR = YES;
				GCC_WARN_UNINITIALIZED_AUTOS = YES_AGGRESSIVE;
				GCC_WARN_UNUSED_FUNCTION = YES;
				GCC_WARN_UNUSED_VARIABLE = YES;
				IPHONEOS_DEPLOYMENT_TARGET = 11.3;
				MTL_ENABLE_DEBUG_INFO = NO;
				MTL_FAST_MATH = YES;
				SDKROOT = iphoneos;
				SWIFT_COMPILATION_MODE = wholemodule;
				SWIFT_OPTIMIZATION_LEVEL = "-O";
				VALIDATE_PRODUCT = YES;
			};
			name = Release;
		};
		38DA423327B689B600FD9D33 /* Debug */ = {
			isa = XCBuildConfiguration;
			baseConfigurationReference = C5CE75F2B8E3D6AE935482EA /* Pods-LoginTestingApp.debug.xcconfig */;
			buildSettings = {
				ASSETCATALOG_COMPILER_APPICON_NAME = AppIcon;
				ASSETCATALOG_COMPILER_GLOBAL_ACCENT_COLOR_NAME = AccentColor;
				CODE_SIGN_STYLE = Automatic;
				CURRENT_PROJECT_VERSION = 1;
				DEVELOPMENT_TEAM = WSCHZVTX6D;
				GENERATE_INFOPLIST_FILE = YES;
				INFOPLIST_FILE = LoginTestingApp/Info.plist;
				INFOPLIST_KEY_UIApplicationSupportsIndirectInputEvents = YES;
				INFOPLIST_KEY_UILaunchStoryboardName = LaunchScreen;
				INFOPLIST_KEY_UISupportedInterfaceOrientations_iPad = "UIInterfaceOrientationPortrait UIInterfaceOrientationPortraitUpsideDown UIInterfaceOrientationLandscapeLeft UIInterfaceOrientationLandscapeRight";
				INFOPLIST_KEY_UISupportedInterfaceOrientations_iPhone = "UIInterfaceOrientationPortrait UIInterfaceOrientationLandscapeLeft UIInterfaceOrientationLandscapeRight";
				IPHONEOS_DEPLOYMENT_TARGET = 11.3;
				LD_RUNPATH_SEARCH_PATHS = (
					"$(inherited)",
					"@executable_path/Frameworks",
				);
				MARKETING_VERSION = 1.0;
				PRODUCT_BUNDLE_IDENTIFIER = com.maximshevtsov.LoginTestingApp;
				PRODUCT_NAME = "$(TARGET_NAME)";
				SWIFT_EMIT_LOC_STRINGS = YES;
				SWIFT_VERSION = 5.0;
				TARGETED_DEVICE_FAMILY = "1,2";
			};
			name = Debug;
		};
		38DA423427B689B600FD9D33 /* Release */ = {
			isa = XCBuildConfiguration;
			baseConfigurationReference = 43D91C12D29197A3CE85317C /* Pods-LoginTestingApp.release.xcconfig */;
			buildSettings = {
				ASSETCATALOG_COMPILER_APPICON_NAME = AppIcon;
				ASSETCATALOG_COMPILER_GLOBAL_ACCENT_COLOR_NAME = AccentColor;
				CODE_SIGN_STYLE = Automatic;
				CURRENT_PROJECT_VERSION = 1;
				DEVELOPMENT_TEAM = WSCHZVTX6D;
				GENERATE_INFOPLIST_FILE = YES;
				INFOPLIST_FILE = LoginTestingApp/Info.plist;
				INFOPLIST_KEY_UIApplicationSupportsIndirectInputEvents = YES;
				INFOPLIST_KEY_UILaunchStoryboardName = LaunchScreen;
				INFOPLIST_KEY_UISupportedInterfaceOrientations_iPad = "UIInterfaceOrientationPortrait UIInterfaceOrientationPortraitUpsideDown UIInterfaceOrientationLandscapeLeft UIInterfaceOrientationLandscapeRight";
				INFOPLIST_KEY_UISupportedInterfaceOrientations_iPhone = "UIInterfaceOrientationPortrait UIInterfaceOrientationLandscapeLeft UIInterfaceOrientationLandscapeRight";
				IPHONEOS_DEPLOYMENT_TARGET = 11.3;
				LD_RUNPATH_SEARCH_PATHS = (
					"$(inherited)",
					"@executable_path/Frameworks",
				);
				MARKETING_VERSION = 1.0;
				PRODUCT_BUNDLE_IDENTIFIER = com.maximshevtsov.LoginTestingApp;
				PRODUCT_NAME = "$(TARGET_NAME)";
				SWIFT_EMIT_LOC_STRINGS = YES;
				SWIFT_VERSION = 5.0;
				TARGETED_DEVICE_FAMILY = "1,2";
			};
			name = Release;
		};
		38F7C90327B807B900D628DD /* Debug */ = {
			isa = XCBuildConfiguration;
			baseConfigurationReference = 3B065C5216B8C84750CEE5C7 /* Pods-LoginTestingApp-LoginTestingAppUITests.debug.xcconfig */;
			buildSettings = {
				CODE_SIGN_STYLE = Automatic;
				CURRENT_PROJECT_VERSION = 1;
				DEVELOPMENT_TEAM = WSCHZVTX6D;
				GENERATE_INFOPLIST_FILE = YES;
				IPHONEOS_DEPLOYMENT_TARGET = 14.2;
				LD_RUNPATH_SEARCH_PATHS = (
					"$(inherited)",
					"@executable_path/Frameworks",
					"@loader_path/Frameworks",
				);
				MARKETING_VERSION = 1.0;
				PRODUCT_BUNDLE_IDENTIFIER = com.maximshevtsov.LoginTestingAppUITests;
				PRODUCT_NAME = "$(TARGET_NAME)";
				SWIFT_EMIT_LOC_STRINGS = NO;
				SWIFT_VERSION = 5.0;
				TARGETED_DEVICE_FAMILY = "1,2";
				TEST_TARGET_NAME = LoginTestingApp;
			};
			name = Debug;
		};
		38F7C90427B807B900D628DD /* Release */ = {
			isa = XCBuildConfiguration;
			baseConfigurationReference = 3E0D23BA47E797B93680E81A /* Pods-LoginTestingApp-LoginTestingAppUITests.release.xcconfig */;
			buildSettings = {
				CODE_SIGN_STYLE = Automatic;
				CURRENT_PROJECT_VERSION = 1;
				DEVELOPMENT_TEAM = WSCHZVTX6D;
				GENERATE_INFOPLIST_FILE = YES;
				IPHONEOS_DEPLOYMENT_TARGET = 14.2;
				LD_RUNPATH_SEARCH_PATHS = (
					"$(inherited)",
					"@executable_path/Frameworks",
					"@loader_path/Frameworks",
				);
				MARKETING_VERSION = 1.0;
				PRODUCT_BUNDLE_IDENTIFIER = com.maximshevtsov.LoginTestingAppUITests;
				PRODUCT_NAME = "$(TARGET_NAME)";
				SWIFT_EMIT_LOC_STRINGS = NO;
				SWIFT_VERSION = 5.0;
				TARGETED_DEVICE_FAMILY = "1,2";
				TEST_TARGET_NAME = LoginTestingApp;
			};
			name = Release;
		};
/* End XCBuildConfiguration section */

/* Begin XCConfigurationList section */
		38DA421927B689B400FD9D33 /* Build configuration list for PBXProject "LoginTestingApp" */ = {
			isa = XCConfigurationList;
			buildConfigurations = (
				38DA423027B689B600FD9D33 /* Debug */,
				38DA423127B689B600FD9D33 /* Release */,
			);
			defaultConfigurationIsVisible = 0;
			defaultConfigurationName = Release;
		};
		38DA423227B689B600FD9D33 /* Build configuration list for PBXNativeTarget "LoginTestingApp" */ = {
			isa = XCConfigurationList;
			buildConfigurations = (
				38DA423327B689B600FD9D33 /* Debug */,
				38DA423427B689B600FD9D33 /* Release */,
			);
			defaultConfigurationIsVisible = 0;
			defaultConfigurationName = Release;
		};
		38F7C90227B807B900D628DD /* Build configuration list for PBXNativeTarget "LoginTestingAppUITests" */ = {
			isa = XCConfigurationList;
			buildConfigurations = (
				38F7C90327B807B900D628DD /* Debug */,
				38F7C90427B807B900D628DD /* Release */,
			);
			defaultConfigurationIsVisible = 0;
			defaultConfigurationName = Release;
		};
/* End XCConfigurationList section */
	};
	rootObject = 38DA421627B689B400FD9D33 /* Project object */;
}
