// !$*UTF8*$!
{
	archiveVersion = 1;
	classes = {
	};
	objectVersion = 55;
	objects = {

/* Begin PBXBuildFile section */
		38DA422227B689B400FD9D33 /* AppDelegate.swift in Sources */ = {isa = PBXBuildFile; fileRef = 38DA422127B689B400FD9D33 /* AppDelegate.swift */; };
		38DA422427B689B400FD9D33 /* SceneDelegate.swift in Sources */ = {isa = PBXBuildFile; fileRef = 38DA422327B689B400FD9D33 /* SceneDelegate.swift */; };
		38DA422627B689B400FD9D33 /* LoginViewController.swift in Sources */ = {isa = PBXBuildFile; fileRef = 38DA422527B689B400FD9D33 /* LoginViewController.swift */; };
		38DA422927B689B400FD9D33 /* Main.storyboard in Resources */ = {isa = PBXBuildFile; fileRef = 38DA422727B689B400FD9D33 /* Main.storyboard */; };
		38DA422B27B689B600FD9D33 /* Assets.xcassets in Resources */ = {isa = PBXBuildFile; fileRef = 38DA422A27B689B600FD9D33 /* Assets.xcassets */; };
		38DA422E27B689B600FD9D33 /* LaunchScreen.storyboard in Resources */ = {isa = PBXBuildFile; fileRef = 38DA422C27B689B600FD9D33 /* LaunchScreen.storyboard */; };
		38DA423627B6982500FD9D33 /* Extensions+UIView.swift in Sources */ = {isa = PBXBuildFile; fileRef = 38DA423527B6982500FD9D33 /* Extensions+UIView.swift */; };
		38DA423827B6A08C00FD9D33 /* DevExamListViewController.swift in Sources */ = {isa = PBXBuildFile; fileRef = 38DA423727B6A08C00FD9D33 /* DevExamListViewController.swift */; };
/* End PBXBuildFile section */

/* Begin PBXFileReference section */
		38DA421E27B689B400FD9D33 /* LoginTestingApp.app */ = {isa = PBXFileReference; explicitFileType = wrapper.application; includeInIndex = 0; path = LoginTestingApp.app; sourceTree = BUILT_PRODUCTS_DIR; };
		38DA422127B689B400FD9D33 /* AppDelegate.swift */ = {isa = PBXFileReference; lastKnownFileType = sourcecode.swift; path = AppDelegate.swift; sourceTree = "<group>"; };
		38DA422327B689B400FD9D33 /* SceneDelegate.swift */ = {isa = PBXFileReference; lastKnownFileType = sourcecode.swift; path = SceneDelegate.swift; sourceTree = "<group>"; };
		38DA422527B689B400FD9D33 /* LoginViewController.swift */ = {isa = PBXFileReference; lastKnownFileType = sourcecode.swift; path = LoginViewController.swift; sourceTree = "<group>"; };
		38DA422827B689B400FD9D33 /* Base */ = {isa = PBXFileReference; lastKnownFileType = file.storyboard; name = Base; path = Base.lproj/Main.storyboard; sourceTree = "<group>"; };
		38DA422A27B689B600FD9D33 /* Assets.xcassets */ = {isa = PBXFileReference; lastKnownFileType = folder.assetcatalog; path = Assets.xcassets; sourceTree = "<group>"; };
		38DA422D27B689B600FD9D33 /* Base */ = {isa = PBXFileReference; lastKnownFileType = file.storyboard; name = Base; path = Base.lproj/LaunchScreen.storyboard; sourceTree = "<group>"; };
		38DA422F27B689B600FD9D33 /* Info.plist */ = {isa = PBXFileReference; lastKnownFileType = text.plist.xml; path = Info.plist; sourceTree = "<group>"; };
		38DA423527B6982500FD9D33 /* Extensions+UIView.swift */ = {isa = PBXFileReference; fileEncoding = 4; lastKnownFileType = sourcecode.swift; path = "Extensions+UIView.swift"; sourceTree = "<group>"; };
		38DA423727B6A08C00FD9D33 /* DevExamListViewController.swift */ = {isa = PBXFileReference; lastKnownFileType = sourcecode.swift; path = DevExamListViewController.swift; sourceTree = "<group>"; };
/* End PBXFileReference section */

/* Begin PBXFrameworksBuildPhase section */
		38DA421B27B689B400FD9D33 /* Frameworks */ = {
			isa = PBXFrameworksBuildPhase;
			buildActionMask = 2147483647;
			files = (
			);
			runOnlyForDeploymentPostprocessing = 0;
		};
/* End PBXFrameworksBuildPhase section */

/* Begin PBXGroup section */
		38DA421527B689B400FD9D33 = {
			isa = PBXGroup;
			children = (
				38DA422027B689B400FD9D33 /* LoginTestingApp */,
				38DA421F27B689B400FD9D33 /* Products */,
			);
			sourceTree = "<group>";
		};
		38DA421F27B689B400FD9D33 /* Products */ = {
			isa = PBXGroup;
			children = (
				38DA421E27B689B400FD9D33 /* LoginTestingApp.app */,
			);
			name = Products;
			sourceTree = "<group>";
		};
		38DA422027B689B400FD9D33 /* LoginTestingApp */ = {
			isa = PBXGroup;
			children = (
				38DA422127B689B400FD9D33 /* AppDelegate.swift */,
				38DA422327B689B400FD9D33 /* SceneDelegate.swift */,
				38DA422527B689B400FD9D33 /* LoginViewController.swift */,
				38DA422727B689B400FD9D33 /* Main.storyboard */,
				38DA422A27B689B600FD9D33 /* Assets.xcassets */,
				38DA422C27B689B600FD9D33 /* LaunchScreen.storyboard */,
				38DA422F27B689B600FD9D33 /* Info.plist */,
				38DA423527B6982500FD9D33 /* Extensions+UIView.swift */,
				38DA423727B6A08C00FD9D33 /* DevExamListViewController.swift */,
			);
			path = LoginTestingApp;
			sourceTree = "<group>";
		};
/* End PBXGroup section */

/* Begin PBXNativeTarget section */
		38DA421D27B689B400FD9D33 /* LoginTestingApp */ = {
			isa = PBXNativeTarget;
			buildConfigurationList = 38DA423227B689B600FD9D33 /* Build configuration list for PBXNativeTarget "LoginTestingApp" */;
			buildPhases = (
				38DA421A27B689B400FD9D33 /* Sources */,
				38DA421B27B689B400FD9D33 /* Frameworks */,
				38DA421C27B689B400FD9D33 /* Resources */,
			);
			buildRules = (
			);
			dependencies = (
			);
			name = LoginTestingApp;
			productName = LoginTestingApp;
			productReference = 38DA421E27B689B400FD9D33 /* LoginTestingApp.app */;
			productType = "com.apple.product-type.application";
		};
/* End PBXNativeTarget section */

/* Begin PBXProject section */
		38DA421627B689B400FD9D33 /* Project object */ = {
			isa = PBXProject;
			attributes = {
				BuildIndependentTargetsInParallel = 1;
				LastSwiftUpdateCheck = 1310;
				LastUpgradeCheck = 1310;
				TargetAttributes = {
					38DA421D27B689B400FD9D33 = {
						CreatedOnToolsVersion = 13.1;
					};
				};
			};
			buildConfigurationList = 38DA421927B689B400FD9D33 /* Build configuration list for PBXProject "LoginTestingApp" */;
			compatibilityVersion = "Xcode 13.0";
			developmentRegion = en;
			hasScannedForEncodings = 0;
			knownRegions = (
				en,
				Base,
			);
			mainGroup = 38DA421527B689B400FD9D33;
			productRefGroup = 38DA421F27B689B400FD9D33 /* Products */;
			projectDirPath = "";
			projectRoot = "";
			targets = (
				38DA421D27B689B400FD9D33 /* LoginTestingApp */,
			);
		};
/* End PBXProject section */

/* Begin PBXResourcesBuildPhase section */
		38DA421C27B689B400FD9D33 /* Resources */ = {
			isa = PBXResourcesBuildPhase;
			buildActionMask = 2147483647;
			files = (
				38DA422E27B689B600FD9D33 /* LaunchScreen.storyboard in Resources */,
				38DA422B27B689B600FD9D33 /* Assets.xcassets in Resources */,
				38DA422927B689B400FD9D33 /* Main.storyboard in Resources */,
			);
			runOnlyForDeploymentPostprocessing = 0;
		};
/* End PBXResourcesBuildPhase section */

/* Begin PBXSourcesBuildPhase section */
		38DA421A27B689B400FD9D33 /* Sources */ = {
			isa = PBXSourcesBuildPhase;
			buildActionMask = 2147483647;
			files = (
				38DA422627B689B400FD9D33 /* LoginViewController.swift in Sources */,
				38DA422227B689B400FD9D33 /* AppDelegate.swift in Sources */,
				38DA423627B6982500FD9D33 /* Extensions+UIView.swift in Sources */,
				38DA423827B6A08C00FD9D33 /* DevExamListViewController.swift in Sources */,
				38DA422427B689B400FD9D33 /* SceneDelegate.swift in Sources */,
			);
			runOnlyForDeploymentPostprocessing = 0;
		};
/* End PBXSourcesBuildPhase section */

/* Begin PBXVariantGroup section */
		38DA422727B689B400FD9D33 /* Main.storyboard */ = {
			isa = PBXVariantGroup;
			children = (
				38DA422827B689B400FD9D33 /* Base */,
			);
			name = Main.storyboard;
			sourceTree = "<group>";
		};
		38DA422C27B689B600FD9D33 /* LaunchScreen.storyboard */ = {
			isa = PBXVariantGroup;
			children = (
				38DA422D27B689B600FD9D33 /* Base */,
			);
			name = LaunchScreen.storyboard;
			sourceTree = "<group>";
		};
/* End PBXVariantGroup section */

/* Begin XCBuildConfiguration section */
		38DA423027B689B600FD9D33 /* Debug */ = {
			isa = XCBuildConfiguration;
			buildSettings = {
				ALWAYS_SEARCH_USER_PATHS = NO;
				CLANG_ANALYZER_NONNULL = YES;
				CLANG_ANALYZER_NUMBER_OBJECT_CONVERSION = YES_AGGRESSIVE;
				CLANG_CXX_LANGUAGE_STANDARD = "gnu++17";
				CLANG_CXX_LIBRARY = "libc++";
				CLANG_ENABLE_MODULES = YES;
				CLANG_ENABLE_OBJC_ARC = YES;
				CLANG_ENABLE_OBJC_WEAK = YES;
				CLANG_WARN_BLOCK_CAPTURE_AUTORELEASING = YES;
				CLANG_WARN_BOOL_CONVERSION = YES;
				CLANG_WARN_COMMA = YES;
				CLANG_WARN_CONSTANT_CONVERSION = YES;
				CLANG_WARN_DEPRECATED_OBJC_IMPLEMENTATIONS = YES;
				CLANG_WARN_DIRECT_OBJC_ISA_USAGE = YES_ERROR;
				CLANG_WARN_DOCUMENTATION_COMMENTS = YES;
				CLANG_WARN_EMPTY_BODY = YES;
				CLANG_WARN_ENUM_CONVERSION = YES;
				CLANG_WARN_INFINITE_RECURSION = YES;
				CLANG_WARN_INT_CONVERSION = YES;
				CLANG_WARN_NON_LITERAL_NULL_CONVERSION = YES;
				CLANG_WARN_OBJC_IMPLICIT_RETAIN_SELF = YES;
				CLANG_WARN_OBJC_LITERAL_CONVERSION = YES;
				CLANG_WARN_OBJC_ROOT_CLASS = YES_ERROR;
				CLANG_WARN_QUOTED_INCLUDE_IN_FRAMEWORK_HEADER = YES;
				CLANG_WARN_RANGE_LOOP_ANALYSIS = YES;
				CLANG_WARN_STRICT_PROTOTYPES = YES;
				CLANG_WARN_SUSPICIOUS_MOVE = YES;
				CLANG_WARN_UNGUARDED_AVAILABILITY = YES_AGGRESSIVE;
				CLANG_WARN_UNREACHABLE_CODE = YES;
				CLANG_WARN__DUPLICATE_METHOD_MATCH = YES;
				COPY_PHASE_STRIP = NO;
				DEBUG_INFORMATION_FORMAT = dwarf;
				ENABLE_STRICT_OBJC_MSGSEND = YES;
				ENABLE_TESTABILITY = YES;
				GCC_C_LANGUAGE_STANDARD = gnu11;
				GCC_DYNAMIC_NO_PIC = NO;
				GCC_NO_COMMON_BLOCKS = YES;
				GCC_OPTIMIZATION_LEVEL = 0;
				GCC_PREPROCESSOR_DEFINITIONS = (
					"DEBUG=1",
					"$(inherited)",
				);
				GCC_WARN_64_TO_32_BIT_CONVERSION = YES;
				GCC_WARN_ABOUT_RETURN_TYPE = YES_ERROR;
				GCC_WARN_UNDECLARED_SELECTOR = YES;
				GCC_WARN_UNINITIALIZED_AUTOS = YES_AGGRESSIVE;
				GCC_WARN_UNUSED_FUNCTION = YES;
				GCC_WARN_UNUSED_VARIABLE = YES;
				IPHONEOS_DEPLOYMENT_TARGET = 11.3;
				MTL_ENABLE_DEBUG_INFO = INCLUDE_SOURCE;
				MTL_FAST_MATH = YES;
				ONLY_ACTIVE_ARCH = YES;
				SDKROOT = iphoneos;
				SWIFT_ACTIVE_COMPILATION_CONDITIONS = DEBUG;
				SWIFT_OPTIMIZATION_LEVEL = "-Onone";
			};
			name = Debug;
		};
		38DA423127B689B600FD9D33 /* Release */ = {
			isa = XCBuildConfiguration;
			buildSettings = {
				ALWAYS_SEARCH_USER_PATHS = NO;
				CLANG_ANALYZER_NONNULL = YES;
				CLANG_ANALYZER_NUMBER_OBJECT_CONVERSION = YES_AGGRESSIVE;
				CLANG_CXX_LANGUAGE_STANDARD = "gnu++17";
				CLANG_CXX_LIBRARY = "libc++";
				CLANG_ENABLE_MODULES = YES;
				CLANG_ENABLE_OBJC_ARC = YES;
				CLANG_ENABLE_OBJC_WEAK = YES;
				CLANG_WARN_BLOCK_CAPTURE_AUTORELEASING = YES;
				CLANG_WARN_BOOL_CONVERSION = YES;
				CLANG_WARN_COMMA = YES;
				CLANG_WARN_CONSTANT_CONVERSION = YES;
				CLANG_WARN_DEPRECATED_OBJC_IMPLEMENTATIONS = YES;
				CLANG_WARN_DIRECT_OBJC_ISA_USAGE = YES_ERROR;
				CLANG_WARN_DOCUMENTATION_COMMENTS = YES;
				CLANG_WARN_EMPTY_BODY = YES;
				CLANG_WARN_ENUM_CONVERSION = YES;
				CLANG_WARN_INFINITE_RECURSION = YES;
				CLANG_WARN_INT_CONVERSION = YES;
				CLANG_WARN_NON_LITERAL_NULL_CONVERSION = YES;
				CLANG_WARN_OBJC_IMPLICIT_RETAIN_SELF = YES;
				CLANG_WARN_OBJC_LITERAL_CONVERSION = YES;
				CLANG_WARN_OBJC_ROOT_CLASS = YES_ERROR;
				CLANG_WARN_QUOTED_INCLUDE_IN_FRAMEWORK_HEADER = YES;
				CLANG_WARN_RANGE_LOOP_ANALYSIS = YES;
				CLANG_WARN_STRICT_PROTOTYPES = YES;
				CLANG_WARN_SUSPICIOUS_MOVE = YES;
				CLANG_WARN_UNGUARDED_AVAILABILITY = YES_AGGRESSIVE;
				CLANG_WARN_UNREACHABLE_CODE = YES;
				CLANG_WARN__DUPLICATE_METHOD_MATCH = YES;
				COPY_PHASE_STRIP = NO;
				DEBUG_INFORMATION_FORMAT = "dwarf-with-dsym";
				ENABLE_NS_ASSERTIONS = NO;
				ENABLE_STRICT_OBJC_MSGSEND = YES;
				GCC_C_LANGUAGE_STANDARD = gnu11;
				GCC_NO_COMMON_BLOCKS = YES;
				GCC_WARN_64_TO_32_BIT_CONVERSION = YES;
				GCC_WARN_ABOUT_RETURN_TYPE = YES_ERROR;
				GCC_WARN_UNDECLARED_SELECTOR = YES;
				GCC_WARN_UNINITIALIZED_AUTOS = YES_AGGRESSIVE;
				GCC_WARN_UNUSED_FUNCTION = YES;
				GCC_WARN_UNUSED_VARIABLE = YES;
				IPHONEOS_DEPLOYMENT_TARGET = 11.3;
				MTL_ENABLE_DEBUG_INFO = NO;
				MTL_FAST_MATH = YES;
				SDKROOT = iphoneos;
				SWIFT_COMPILATION_MODE = wholemodule;
				SWIFT_OPTIMIZATION_LEVEL = "-O";
				VALIDATE_PRODUCT = YES;
			};
			name = Release;
		};
		38DA423327B689B600FD9D33 /* Debug */ = {
			isa = XCBuildConfiguration;
			buildSettings = {
				ASSETCATALOG_COMPILER_APPICON_NAME = AppIcon;
				ASSETCATALOG_COMPILER_GLOBAL_ACCENT_COLOR_NAME = AccentColor;
				CODE_SIGN_STYLE = Automatic;
				CURRENT_PROJECT_VERSION = 1;
				DEVELOPMENT_TEAM = WSCHZVTX6D;
				GENERATE_INFOPLIST_FILE = YES;
				INFOPLIST_FILE = LoginTestingApp/Info.plist;
				INFOPLIST_KEY_UIApplicationSupportsIndirectInputEvents = YES;
				INFOPLIST_KEY_UILaunchStoryboardName = LaunchScreen;
				INFOPLIST_KEY_UISupportedInterfaceOrientations_iPad = "UIInterfaceOrientationPortrait UIInterfaceOrientationPortraitUpsideDown UIInterfaceOrientationLandscapeLeft UIInterfaceOrientationLandscapeRight";
				INFOPLIST_KEY_UISupportedInterfaceOrientations_iPhone = "UIInterfaceOrientationPortrait UIInterfaceOrientationLandscapeLeft UIInterfaceOrientationLandscapeRight";
				IPHONEOS_DEPLOYMENT_TARGET = 11.3;
				LD_RUNPATH_SEARCH_PATHS = (
					"$(inherited)",
					"@executable_path/Frameworks",
				);
				MARKETING_VERSION = 1.0;
				PRODUCT_BUNDLE_IDENTIFIER = com.maximshevtsov.LoginTestingApp;
				PRODUCT_NAME = "$(TARGET_NAME)";
				SWIFT_EMIT_LOC_STRINGS = YES;
				SWIFT_VERSION = 5.0;
				TARGETED_DEVICE_FAMILY = "1,2";
			};
			name = Debug;
		};
		38DA423427B689B600FD9D33 /* Release */ = {
			isa = XCBuildConfiguration;
			buildSettings = {
				ASSETCATALOG_COMPILER_APPICON_NAME = AppIcon;
				ASSETCATALOG_COMPILER_GLOBAL_ACCENT_COLOR_NAME = AccentColor;
				CODE_SIGN_STYLE = Automatic;
				CURRENT_PROJECT_VERSION = 1;
				DEVELOPMENT_TEAM = WSCHZVTX6D;
				GENERATE_INFOPLIST_FILE = YES;
				INFOPLIST_FILE = LoginTestingApp/Info.plist;
				INFOPLIST_KEY_UIApplicationSupportsIndirectInputEvents = YES;
				INFOPLIST_KEY_UILaunchStoryboardName = LaunchScreen;
				INFOPLIST_KEY_UISupportedInterfaceOrientations_iPad = "UIInterfaceOrientationPortrait UIInterfaceOrientationPortraitUpsideDown UIInterfaceOrientationLandscapeLeft UIInterfaceOrientationLandscapeRight";
				INFOPLIST_KEY_UISupportedInterfaceOrientations_iPhone = "UIInterfaceOrientationPortrait UIInterfaceOrientationLandscapeLeft UIInterfaceOrientationLandscapeRight";
				IPHONEOS_DEPLOYMENT_TARGET = 11.3;
				LD_RUNPATH_SEARCH_PATHS = (
					"$(inherited)",
					"@executable_path/Frameworks",
				);
				MARKETING_VERSION = 1.0;
				PRODUCT_BUNDLE_IDENTIFIER = com.maximshevtsov.LoginTestingApp;
				PRODUCT_NAME = "$(TARGET_NAME)";
				SWIFT_EMIT_LOC_STRINGS = YES;
				SWIFT_VERSION = 5.0;
				TARGETED_DEVICE_FAMILY = "1,2";
			};
			name = Release;
		};
/* End XCBuildConfiguration section */

/* Begin XCConfigurationList section */
		38DA421927B689B400FD9D33 /* Build configuration list for PBXProject "LoginTestingApp" */ = {
			isa = XCConfigurationList;
			buildConfigurations = (
				38DA423027B689B600FD9D33 /* Debug */,
				38DA423127B689B600FD9D33 /* Release */,
			);
			defaultConfigurationIsVisible = 0;
			defaultConfigurationName = Release;
		};
		38DA423227B689B600FD9D33 /* Build configuration list for PBXNativeTarget "LoginTestingApp" */ = {
			isa = XCConfigurationList;
			buildConfigurations = (
				38DA423327B689B600FD9D33 /* Debug */,
				38DA423427B689B600FD9D33 /* Release */,
			);
			defaultConfigurationIsVisible = 0;
			defaultConfigurationName = Release;
		};
/* End XCConfigurationList section */
	};
	rootObject = 38DA421627B689B400FD9D33 /* Project object */;
}
